// !$*UTF8*$!
{
	archiveVersion = 1;
	classes = {
	};
	objectVersion = 46;
	objects = {

/* Begin PBXBuildFile section */
		55052ADC164468B700035D71 /* NSArray+SmalltalkCollections.h in CopyFiles */ = {isa = PBXBuildFile; fileRef = 5575C19915E9E962005CF482 /* NSArray+SmalltalkCollections.h */; };
		55052ADD164468B700035D71 /* NSMutableArray+SmalltalkCollections.h in CopyFiles */ = {isa = PBXBuildFile; fileRef = 5552F78715E9FBCD004AEBA9 /* NSMutableArray+SmalltalkCollections.h */; };
		55052ADE164468B700035D71 /* NSString+SmalltalkString.h in CopyFiles */ = {isa = PBXBuildFile; fileRef = 5552F78B15EB04C1004AEBA9 /* NSString+SmalltalkString.h */; };
		5562970015ED625C00F1E044 /* UIKit.framework in Frameworks */ = {isa = PBXBuildFile; fileRef = 5575C17915E9E857005CF482 /* UIKit.framework */; };
		5562970115ED625C00F1E044 /* Foundation.framework in Frameworks */ = {isa = PBXBuildFile; fileRef = 5575C17B15E9E857005CF482 /* Foundation.framework */; };
		5562970215ED625C00F1E044 /* CoreGraphics.framework in Frameworks */ = {isa = PBXBuildFile; fileRef = 5575C17D15E9E857005CF482 /* CoreGraphics.framework */; };
		5562970815ED625C00F1E044 /* InfoPlist.strings in Resources */ = {isa = PBXBuildFile; fileRef = 5562970615ED625C00F1E044 /* InfoPlist.strings */; };
		5562970A15ED625C00F1E044 /* main.m in Sources */ = {isa = PBXBuildFile; fileRef = 5562970915ED625C00F1E044 /* main.m */; };
		5562970E15ED625C00F1E044 /* DUAppDelegate.m in Sources */ = {isa = PBXBuildFile; fileRef = 5562970D15ED625C00F1E044 /* DUAppDelegate.m */; };
		5572259515ED6A5D00C53B2D /* STStringTests.m in Sources */ = {isa = PBXBuildFile; fileRef = 5572259415ED6A5D00C53B2D /* STStringTests.m */; };
		5572259615ED6B8C00C53B2D /* NSArray+SmalltalkCollections.m in Sources */ = {isa = PBXBuildFile; fileRef = 5575C19A15E9E962005CF482 /* NSArray+SmalltalkCollections.m */; };
		5572259715ED6B9700C53B2D /* NSMutableArray+SmalltalkCollections.m in Sources */ = {isa = PBXBuildFile; fileRef = 5552F78815E9FBCD004AEBA9 /* NSMutableArray+SmalltalkCollections.m */; };
		5572259815ED6B9700C53B2D /* NSString+SmalltalkString.m in Sources */ = {isa = PBXBuildFile; fileRef = 5552F78C15EB04C1004AEBA9 /* NSString+SmalltalkString.m */; };
		55933F1115F411600087A93A /* GHUnitIOS.framework in Frameworks */ = {isa = PBXBuildFile; fileRef = 55933F1015F411600087A93A /* GHUnitIOS.framework */; };
		55933F2015F418FE0087A93A /* STArrayTests.m in Sources */ = {isa = PBXBuildFile; fileRef = 55933F1E15F418FE0087A93A /* STArrayTests.m */; };
		55AEEDB815F2A55D00A57948 /* STMutableArrayTest.m in Sources */ = {isa = PBXBuildFile; fileRef = 55AEEDB715F2A55D00A57948 /* STMutableArrayTest.m */; };
		55D6DADB1649BFDD000F9D96 /* NSArray+SmalltalkCollections.m in Sources */ = {isa = PBXBuildFile; fileRef = 5575C19A15E9E962005CF482 /* NSArray+SmalltalkCollections.m */; };
		55D6DADD1649BFDD000F9D96 /* NSMutableArray+SmalltalkCollections.m in Sources */ = {isa = PBXBuildFile; fileRef = 5552F78815E9FBCD004AEBA9 /* NSMutableArray+SmalltalkCollections.m */; };
		55D6DADF1649BFDD000F9D96 /* NSString+SmalltalkString.m in Sources */ = {isa = PBXBuildFile; fileRef = 5552F78C15EB04C1004AEBA9 /* NSString+SmalltalkString.m */; };
		55DBC884163096D7005837FD /* Foundation.framework in Frameworks */ = {isa = PBXBuildFile; fileRef = 5575C17B15E9E857005CF482 /* Foundation.framework */; };
		55DBC889163096D7005837FD /* STExt.h in CopyFiles */ = {isa = PBXBuildFile; fileRef = 55DBC888163096D7005837FD /* STExt.h */; };
		55DBC88B163096D7005837FD /* STExt.m in Sources */ = {isa = PBXBuildFile; fileRef = 55DBC88A163096D7005837FD /* STExt.m */; };
/* End PBXBuildFile section */

/* Begin PBXCopyFilesBuildPhase section */
		55DBC881163096D7005837FD /* CopyFiles */ = {
			isa = PBXCopyFilesBuildPhase;
			buildActionMask = 2147483647;
			dstPath = "include/${PRODUCT_NAME}";
			dstSubfolderSpec = 16;
			files = (
				55DBC889163096D7005837FD /* STExt.h in CopyFiles */,
				55052ADC164468B700035D71 /* NSArray+SmalltalkCollections.h in CopyFiles */,
				55052ADD164468B700035D71 /* NSMutableArray+SmalltalkCollections.h in CopyFiles */,
				55052ADE164468B700035D71 /* NSString+SmalltalkString.h in CopyFiles */,
			);
			runOnlyForDeploymentPostprocessing = 0;
		};
/* End PBXCopyFilesBuildPhase section */

/* Begin PBXFileReference section */
		5552F78715E9FBCD004AEBA9 /* NSMutableArray+SmalltalkCollections.h */ = {isa = PBXFileReference; fileEncoding = 4; lastKnownFileType = sourcecode.c.h; name = "NSMutableArray+SmalltalkCollections.h"; path = "Extensions/NSMutableArray+SmalltalkCollections.h"; sourceTree = "<group>"; };
		5552F78815E9FBCD004AEBA9 /* NSMutableArray+SmalltalkCollections.m */ = {isa = PBXFileReference; fileEncoding = 4; lastKnownFileType = sourcecode.c.objc; name = "NSMutableArray+SmalltalkCollections.m"; path = "Extensions/NSMutableArray+SmalltalkCollections.m"; sourceTree = "<group>"; };
		5552F78B15EB04C1004AEBA9 /* NSString+SmalltalkString.h */ = {isa = PBXFileReference; fileEncoding = 4; lastKnownFileType = sourcecode.c.h; name = "NSString+SmalltalkString.h"; path = "Extensions/NSString+SmalltalkString.h"; sourceTree = "<group>"; };
		5552F78C15EB04C1004AEBA9 /* NSString+SmalltalkString.m */ = {isa = PBXFileReference; fileEncoding = 4; lastKnownFileType = sourcecode.c.objc; name = "NSString+SmalltalkString.m"; path = "Extensions/NSString+SmalltalkString.m"; sourceTree = "<group>"; };
		556296FE15ED625C00F1E044 /* SmalltalkExtensionsTests.app */ = {isa = PBXFileReference; explicitFileType = wrapper.application; includeInIndex = 0; path = SmalltalkExtensionsTests.app; sourceTree = BUILT_PRODUCTS_DIR; };
		5562970515ED625C00F1E044 /* SmalltalkExtensionsTests-Info.plist */ = {isa = PBXFileReference; lastKnownFileType = text.plist.xml; path = "SmalltalkExtensionsTests-Info.plist"; sourceTree = "<group>"; };
		5562970715ED625C00F1E044 /* en */ = {isa = PBXFileReference; lastKnownFileType = text.plist.strings; name = en; path = en.lproj/InfoPlist.strings; sourceTree = "<group>"; };
		5562970915ED625C00F1E044 /* main.m */ = {isa = PBXFileReference; lastKnownFileType = sourcecode.c.objc; path = main.m; sourceTree = "<group>"; };
		5562970B15ED625C00F1E044 /* SmalltalkExtensionsTests-Prefix.pch */ = {isa = PBXFileReference; lastKnownFileType = sourcecode.c.h; path = "SmalltalkExtensionsTests-Prefix.pch"; sourceTree = "<group>"; };
		5562970C15ED625C00F1E044 /* DUAppDelegate.h */ = {isa = PBXFileReference; lastKnownFileType = sourcecode.c.h; path = DUAppDelegate.h; sourceTree = "<group>"; };
		5562970D15ED625C00F1E044 /* DUAppDelegate.m */ = {isa = PBXFileReference; lastKnownFileType = sourcecode.c.objc; path = DUAppDelegate.m; sourceTree = "<group>"; };
		5572259315ED6A5D00C53B2D /* STStringTests.h */ = {isa = PBXFileReference; fileEncoding = 4; lastKnownFileType = sourcecode.c.h; name = STStringTests.h; path = Tests/STStringTests.h; sourceTree = "<group>"; };
		5572259415ED6A5D00C53B2D /* STStringTests.m */ = {isa = PBXFileReference; fileEncoding = 4; lastKnownFileType = sourcecode.c.objc; name = STStringTests.m; path = Tests/STStringTests.m; sourceTree = "<group>"; };
		5575C17915E9E857005CF482 /* UIKit.framework */ = {isa = PBXFileReference; lastKnownFileType = wrapper.framework; name = UIKit.framework; path = System/Library/Frameworks/UIKit.framework; sourceTree = SDKROOT; };
		5575C17B15E9E857005CF482 /* Foundation.framework */ = {isa = PBXFileReference; lastKnownFileType = wrapper.framework; name = Foundation.framework; path = System/Library/Frameworks/Foundation.framework; sourceTree = SDKROOT; };
		5575C17D15E9E857005CF482 /* CoreGraphics.framework */ = {isa = PBXFileReference; lastKnownFileType = wrapper.framework; name = CoreGraphics.framework; path = System/Library/Frameworks/CoreGraphics.framework; sourceTree = SDKROOT; };
		5575C19915E9E962005CF482 /* NSArray+SmalltalkCollections.h */ = {isa = PBXFileReference; fileEncoding = 4; lastKnownFileType = sourcecode.c.h; name = "NSArray+SmalltalkCollections.h"; path = "Extensions/NSArray+SmalltalkCollections.h"; sourceTree = "<group>"; };
		5575C19A15E9E962005CF482 /* NSArray+SmalltalkCollections.m */ = {isa = PBXFileReference; fileEncoding = 4; lastKnownFileType = sourcecode.c.objc; name = "NSArray+SmalltalkCollections.m"; path = "Extensions/NSArray+SmalltalkCollections.m"; sourceTree = "<group>"; };
		55933F1015F411600087A93A /* GHUnitIOS.framework */ = {isa = PBXFileReference; lastKnownFileType = wrapper.framework; name = GHUnitIOS.framework; path = "../../gh-unit/Examples/MyTestable-iOS/GHUnitIOS.framework"; sourceTree = "<group>"; };
		55933F1E15F418FE0087A93A /* STArrayTests.m */ = {isa = PBXFileReference; fileEncoding = 4; lastKnownFileType = sourcecode.c.objc; name = STArrayTests.m; path = Tests/STArrayTests.m; sourceTree = "<group>"; };
		55933F1F15F418FE0087A93A /* STArrayTests.h */ = {isa = PBXFileReference; fileEncoding = 4; lastKnownFileType = sourcecode.c.h; name = STArrayTests.h; path = Tests/STArrayTests.h; sourceTree = "<group>"; };
		55AEEDB615F2A55D00A57948 /* STMutableArrayTest.h */ = {isa = PBXFileReference; fileEncoding = 4; lastKnownFileType = sourcecode.c.h; name = STMutableArrayTest.h; path = Tests/STMutableArrayTest.h; sourceTree = "<group>"; };
		55AEEDB715F2A55D00A57948 /* STMutableArrayTest.m */ = {isa = PBXFileReference; fileEncoding = 4; lastKnownFileType = sourcecode.c.objc; name = STMutableArrayTest.m; path = Tests/STMutableArrayTest.m; sourceTree = "<group>"; };
		55DBC883163096D7005837FD /* libSTExt.a */ = {isa = PBXFileReference; explicitFileType = archive.ar; includeInIndex = 0; path = libSTExt.a; sourceTree = BUILT_PRODUCTS_DIR; };
		55DBC887163096D7005837FD /* STExt-Prefix.pch */ = {isa = PBXFileReference; lastKnownFileType = sourcecode.c.h; path = "STExt-Prefix.pch"; sourceTree = "<group>"; };
		55DBC888163096D7005837FD /* STExt.h */ = {isa = PBXFileReference; lastKnownFileType = sourcecode.c.h; path = STExt.h; sourceTree = "<group>"; };
		55DBC88A163096D7005837FD /* STExt.m */ = {isa = PBXFileReference; lastKnownFileType = sourcecode.c.objc; path = STExt.m; sourceTree = "<group>"; };
/* End PBXFileReference section */

/* Begin PBXFrameworksBuildPhase section */
		556296FB15ED625C00F1E044 /* Frameworks */ = {
			isa = PBXFrameworksBuildPhase;
			buildActionMask = 2147483647;
			files = (
				55933F1115F411600087A93A /* GHUnitIOS.framework in Frameworks */,
				5562970015ED625C00F1E044 /* UIKit.framework in Frameworks */,
				5562970115ED625C00F1E044 /* Foundation.framework in Frameworks */,
				5562970215ED625C00F1E044 /* CoreGraphics.framework in Frameworks */,
			);
			runOnlyForDeploymentPostprocessing = 0;
		};
		55DBC880163096D7005837FD /* Frameworks */ = {
			isa = PBXFrameworksBuildPhase;
			buildActionMask = 2147483647;
			files = (
				55DBC884163096D7005837FD /* Foundation.framework in Frameworks */,
			);
			runOnlyForDeploymentPostprocessing = 0;
		};
/* End PBXFrameworksBuildPhase section */

/* Begin PBXGroup section */
		5562970315ED625C00F1E044 /* SmalltalkExtensionsTests */ = {
			isa = PBXGroup;
			children = (
				5562970C15ED625C00F1E044 /* DUAppDelegate.h */,
				5562970D15ED625C00F1E044 /* DUAppDelegate.m */,
				5562970415ED625C00F1E044 /* Supporting Files */,
			);
			path = SmalltalkExtensionsTests;
			sourceTree = "<group>";
		};
		5562970415ED625C00F1E044 /* Supporting Files */ = {
			isa = PBXGroup;
			children = (
				5562970515ED625C00F1E044 /* SmalltalkExtensionsTests-Info.plist */,
				5562970615ED625C00F1E044 /* InfoPlist.strings */,
				5562970915ED625C00F1E044 /* main.m */,
				5562970B15ED625C00F1E044 /* SmalltalkExtensionsTests-Prefix.pch */,
			);
			name = "Supporting Files";
			sourceTree = "<group>";
		};
		5562972615ED647A00F1E044 /* Unit Tests */ = {
			isa = PBXGroup;
			children = (
				55933F1E15F418FE0087A93A /* STArrayTests.m */,
				55933F1F15F418FE0087A93A /* STArrayTests.h */,
				5572259315ED6A5D00C53B2D /* STStringTests.h */,
				5572259415ED6A5D00C53B2D /* STStringTests.m */,
				55AEEDB615F2A55D00A57948 /* STMutableArrayTest.h */,
				55AEEDB715F2A55D00A57948 /* STMutableArrayTest.m */,
			);
			name = "Unit Tests";
			sourceTree = "<group>";
		};
		5575C16A15E9E857005CF482 = {
			isa = PBXGroup;
			children = (
				55933F1015F411600087A93A /* GHUnitIOS.framework */,
				5575C19815E9E8B6005CF482 /* Extensions */,
				5562972615ED647A00F1E044 /* Unit Tests */,
				5562970315ED625C00F1E044 /* SmalltalkExtensionsTests */,
				55DBC885163096D7005837FD /* STExt */,
				5575C17815E9E857005CF482 /* Frameworks */,
				5575C17615E9E857005CF482 /* Products */,
			);
			sourceTree = "<group>";
		};
		5575C17615E9E857005CF482 /* Products */ = {
			isa = PBXGroup;
			children = (
				556296FE15ED625C00F1E044 /* SmalltalkExtensionsTests.app */,
				55DBC883163096D7005837FD /* libSTExt.a */,
			);
			name = Products;
			sourceTree = "<group>";
		};
		5575C17815E9E857005CF482 /* Frameworks */ = {
			isa = PBXGroup;
			children = (
				5575C17915E9E857005CF482 /* UIKit.framework */,
				5575C17B15E9E857005CF482 /* Foundation.framework */,
				5575C17D15E9E857005CF482 /* CoreGraphics.framework */,
			);
			name = Frameworks;
			sourceTree = "<group>";
		};
		5575C19815E9E8B6005CF482 /* Extensions */ = {
			isa = PBXGroup;
			children = (
				5575C19915E9E962005CF482 /* NSArray+SmalltalkCollections.h */,
				5575C19A15E9E962005CF482 /* NSArray+SmalltalkCollections.m */,
				5552F78715E9FBCD004AEBA9 /* NSMutableArray+SmalltalkCollections.h */,
				5552F78815E9FBCD004AEBA9 /* NSMutableArray+SmalltalkCollections.m */,
				5552F78B15EB04C1004AEBA9 /* NSString+SmalltalkString.h */,
				5552F78C15EB04C1004AEBA9 /* NSString+SmalltalkString.m */,
			);
			name = Extensions;
			sourceTree = "<group>";
		};
		55DBC885163096D7005837FD /* STExt */ = {
			isa = PBXGroup;
			children = (
				55DBC888163096D7005837FD /* STExt.h */,
				55DBC88A163096D7005837FD /* STExt.m */,
				55DBC886163096D7005837FD /* Supporting Files */,
			);
			path = STExt;
			sourceTree = "<group>";
		};
		55DBC886163096D7005837FD /* Supporting Files */ = {
			isa = PBXGroup;
			children = (
				55DBC887163096D7005837FD /* STExt-Prefix.pch */,
			);
			name = "Supporting Files";
			sourceTree = "<group>";
		};
/* End PBXGroup section */

/* Begin PBXNativeTarget section */
		556296FD15ED625C00F1E044 /* SmalltalkExtensionsTests */ = {
			isa = PBXNativeTarget;
			buildConfigurationList = 5562971115ED625C00F1E044 /* Build configuration list for PBXNativeTarget "SmalltalkExtensionsTests" */;
			buildPhases = (
				556296FA15ED625C00F1E044 /* Sources */,
				556296FB15ED625C00F1E044 /* Frameworks */,
				556296FC15ED625C00F1E044 /* Resources */,
			);
			buildRules = (
			);
			dependencies = (
			);
			name = SmalltalkExtensionsTests;
			productName = SmalltalkExtensionsTests;
			productReference = 556296FE15ED625C00F1E044 /* SmalltalkExtensionsTests.app */;
			productType = "com.apple.product-type.application";
		};
		55DBC882163096D7005837FD /* STExt */ = {
			isa = PBXNativeTarget;
			buildConfigurationList = 55DBC88C163096D7005837FD /* Build configuration list for PBXNativeTarget "STExt" */;
			buildPhases = (
				55DBC87F163096D7005837FD /* Sources */,
				55DBC880163096D7005837FD /* Frameworks */,
				55DBC881163096D7005837FD /* CopyFiles */,
			);
			buildRules = (
			);
			dependencies = (
			);
			name = STExt;
			productName = STExt;
			productReference = 55DBC883163096D7005837FD /* libSTExt.a */;
			productType = "com.apple.product-type.library.static";
		};
/* End PBXNativeTarget section */

/* Begin PBXProject section */
		5575C16C15E9E857005CF482 /* Project object */ = {
			isa = PBXProject;
			attributes = {
				CLASSPREFIX = DU;
				LastUpgradeCheck = 0430;
				ORGANIZATIONNAME = Uchile;
			};
			buildConfigurationList = 5575C16F15E9E857005CF482 /* Build configuration list for PBXProject "SmalltalkExtensions" */;
			compatibilityVersion = "Xcode 3.2";
			developmentRegion = English;
			hasScannedForEncodings = 0;
			knownRegions = (
				en,
			);
			mainGroup = 5575C16A15E9E857005CF482;
			productRefGroup = 5575C17615E9E857005CF482 /* Products */;
			projectDirPath = "";
			projectRoot = "";
			targets = (
				556296FD15ED625C00F1E044 /* SmalltalkExtensionsTests */,
				55DBC882163096D7005837FD /* STExt */,
			);
		};
/* End PBXProject section */

/* Begin PBXResourcesBuildPhase section */
		556296FC15ED625C00F1E044 /* Resources */ = {
			isa = PBXResourcesBuildPhase;
			buildActionMask = 2147483647;
			files = (
				5562970815ED625C00F1E044 /* InfoPlist.strings in Resources */,
			);
			runOnlyForDeploymentPostprocessing = 0;
		};
/* End PBXResourcesBuildPhase section */

/* Begin PBXSourcesBuildPhase section */
		556296FA15ED625C00F1E044 /* Sources */ = {
			isa = PBXSourcesBuildPhase;
			buildActionMask = 2147483647;
			files = (
				5562970A15ED625C00F1E044 /* main.m in Sources */,
				5562970E15ED625C00F1E044 /* DUAppDelegate.m in Sources */,
				5572259515ED6A5D00C53B2D /* STStringTests.m in Sources */,
				5572259615ED6B8C00C53B2D /* NSArray+SmalltalkCollections.m in Sources */,
				5572259715ED6B9700C53B2D /* NSMutableArray+SmalltalkCollections.m in Sources */,
				5572259815ED6B9700C53B2D /* NSString+SmalltalkString.m in Sources */,
				55AEEDB815F2A55D00A57948 /* STMutableArrayTest.m in Sources */,
				55933F2015F418FE0087A93A /* STArrayTests.m in Sources */,
			);
			runOnlyForDeploymentPostprocessing = 0;
		};
		55DBC87F163096D7005837FD /* Sources */ = {
			isa = PBXSourcesBuildPhase;
			buildActionMask = 2147483647;
			files = (
				55D6DADB1649BFDD000F9D96 /* NSArray+SmalltalkCollections.m in Sources */,
				55D6DADD1649BFDD000F9D96 /* NSMutableArray+SmalltalkCollections.m in Sources */,
				55D6DADF1649BFDD000F9D96 /* NSString+SmalltalkString.m in Sources */,
				55DBC88B163096D7005837FD /* STExt.m in Sources */,
			);
			runOnlyForDeploymentPostprocessing = 0;
		};
/* End PBXSourcesBuildPhase section */

/* Begin PBXVariantGroup section */
		5562970615ED625C00F1E044 /* InfoPlist.strings */ = {
			isa = PBXVariantGroup;
			children = (
				5562970715ED625C00F1E044 /* en */,
			);
			name = InfoPlist.strings;
			sourceTree = "<group>";
		};
/* End PBXVariantGroup section */

/* Begin XCBuildConfiguration section */
		5562970F15ED625C00F1E044 /* Debug */ = {
			isa = XCBuildConfiguration;
			buildSettings = {
				"CODE_SIGN_IDENTITY[sdk=iphoneos*]" = "iPhone Developer";
				FRAMEWORK_SEARCH_PATHS = (
					"$(inherited)",
					"\"$(SRCROOT)/../gh-unit/Examples/MyTestable-iOS\"",
					"\"$(SRCROOT)/../../gh-unit/Examples/MyTestable-iOS\"",
				);
				GCC_PRECOMPILE_PREFIX_HEADER = YES;
				GCC_PREFIX_HEADER = "SmalltalkExtensionsTests/SmalltalkExtensionsTests-Prefix.pch";
				INFOPLIST_FILE = "SmalltalkExtensionsTests/SmalltalkExtensionsTests-Info.plist";
				IPHONEOS_DEPLOYMENT_TARGET = 5.0;
				OTHER_LDFLAGS = (
					"-all_load",
					"-ObjC",
				);
				PRODUCT_NAME = "$(TARGET_NAME)";
				TARGETED_DEVICE_FAMILY = "1,2";
				WRAPPER_EXTENSION = app;
			};
			name = Debug;
		};
		5562971015ED625C00F1E044 /* Release */ = {
			isa = XCBuildConfiguration;
			buildSettings = {
				"CODE_SIGN_IDENTITY[sdk=iphoneos*]" = "iPhone Developer";
				FRAMEWORK_SEARCH_PATHS = (
					"$(inherited)",
					"\"$(SRCROOT)/../gh-unit/Examples/MyTestable-iOS\"",
					"\"$(SRCROOT)/../../gh-unit/Examples/MyTestable-iOS\"",
				);
				GCC_PRECOMPILE_PREFIX_HEADER = YES;
				GCC_PREFIX_HEADER = "SmalltalkExtensionsTests/SmalltalkExtensionsTests-Prefix.pch";
				INFOPLIST_FILE = "SmalltalkExtensionsTests/SmalltalkExtensionsTests-Info.plist";
				IPHONEOS_DEPLOYMENT_TARGET = 5.0;
				OTHER_LDFLAGS = (
					"-all_load",
					"-ObjC",
				);
				PRODUCT_NAME = "$(TARGET_NAME)";
				TARGETED_DEVICE_FAMILY = "1,2";
				WRAPPER_EXTENSION = app;
			};
			name = Release;
		};
		5575C19115E9E857005CF482 /* Debug */ = {
			isa = XCBuildConfiguration;
			buildSettings = {
				ALWAYS_SEARCH_USER_PATHS = NO;
				ARCHS = "$(ARCHS_STANDARD_32_BIT)";
				CLANG_ENABLE_OBJC_ARC = YES;
				"CODE_SIGN_IDENTITY[sdk=iphoneos*]" = "iPhone Developer";
				COPY_PHASE_STRIP = NO;
				GCC_C_LANGUAGE_STANDARD = gnu99;
				GCC_DYNAMIC_NO_PIC = NO;
				GCC_OPTIMIZATION_LEVEL = 0;
				GCC_PREPROCESSOR_DEFINITIONS = (
					"DEBUG=1",
					"$(inherited)",
				);
				GCC_SYMBOLS_PRIVATE_EXTERN = NO;
				GCC_VERSION = com.apple.compilers.llvm.clang.1_0;
				GCC_WARN_ABOUT_RETURN_TYPE = YES;
				GCC_WARN_UNINITIALIZED_AUTOS = YES;
				GCC_WARN_UNUSED_VARIABLE = YES;
				IPHONEOS_DEPLOYMENT_TARGET = 5.0;
				SDKROOT = iphoneos;
			};
			name = Debug;
		};
		5575C19215E9E857005CF482 /* Release */ = {
			isa = XCBuildConfiguration;
			buildSettings = {
				ALWAYS_SEARCH_USER_PATHS = NO;
				ARCHS = "$(ARCHS_STANDARD_32_BIT)";
				CLANG_ENABLE_OBJC_ARC = YES;
				"CODE_SIGN_IDENTITY[sdk=iphoneos*]" = "iPhone Developer";
				COPY_PHASE_STRIP = YES;
				GCC_C_LANGUAGE_STANDARD = gnu99;
				GCC_VERSION = com.apple.compilers.llvm.clang.1_0;
				GCC_WARN_ABOUT_RETURN_TYPE = YES;
				GCC_WARN_UNINITIALIZED_AUTOS = YES;
				GCC_WARN_UNUSED_VARIABLE = YES;
				IPHONEOS_DEPLOYMENT_TARGET = 5.0;
				OTHER_CFLAGS = "-DNS_BLOCK_ASSERTIONS=1";
				SDKROOT = iphoneos;
				VALIDATE_PRODUCT = YES;
			};
			name = Release;
		};
		55DBC88D163096D7005837FD /* Debug */ = {
			isa = XCBuildConfiguration;
			buildSettings = {
				CLANG_CXX_LANGUAGE_STANDARD = "gnu++0x";
				CLANG_CXX_LIBRARY = "libc++";
				CLANG_WARN_EMPTY_BODY = YES;
				CLANG_WARN__DUPLICATE_METHOD_MATCH = YES;
				DSTROOT = /tmp/STExt.dst;
				GCC_PRECOMPILE_PREFIX_HEADER = YES;
				GCC_PREFIX_HEADER = "STExt/STExt-Prefix.pch";
				IPHONEOS_DEPLOYMENT_TARGET = 5.0;
				ONLY_ACTIVE_ARCH = YES;
				OTHER_LDFLAGS = "-ObjC";
				PRIVATE_HEADERS_FOLDER_PATH = "../../Headers/$(TARGET_NAME)/Private";
				PRODUCT_NAME = "$(TARGET_NAME)";
				PUBLIC_HEADERS_FOLDER_PATH = "../../Headers/$(TARGET_NAME)";
				SKIP_INSTALL = YES;
			};
			name = Debug;
		};
		55DBC88E163096D7005837FD /* Release */ = {
			isa = XCBuildConfiguration;
			buildSettings = {
				CLANG_CXX_LANGUAGE_STANDARD = "gnu++0x";
				CLANG_CXX_LIBRARY = "libc++";
				CLANG_WARN_EMPTY_BODY = YES;
				CLANG_WARN__DUPLICATE_METHOD_MATCH = YES;
				DSTROOT = /tmp/STExt.dst;
				GCC_PRECOMPILE_PREFIX_HEADER = YES;
				GCC_PREFIX_HEADER = "STExt/STExt-Prefix.pch";
				IPHONEOS_DEPLOYMENT_TARGET = 5.0;
				OTHER_LDFLAGS = "-ObjC";
				PRIVATE_HEADERS_FOLDER_PATH = "../../Headers/$(TARGET_NAME)/Private";
				PRODUCT_NAME = "$(TARGET_NAME)";
				PUBLIC_HEADERS_FOLDER_PATH = "../../Headers/$(TARGET_NAME)";
				SKIP_INSTALL = YES;
			};
			name = Release;
		};
/* End XCBuildConfiguration section */

/* Begin XCConfigurationList section */
		5562971115ED625C00F1E044 /* Build configuration list for PBXNativeTarget "SmalltalkExtensionsTests" */ = {
			isa = XCConfigurationList;
			buildConfigurations = (
				5562970F15ED625C00F1E044 /* Debug */,
				5562971015ED625C00F1E044 /* Release */,
			);
			defaultConfigurationIsVisible = 0;
			defaultConfigurationName = Release;
		};
		5575C16F15E9E857005CF482 /* Build configuration list for PBXProject "SmalltalkExtensions" */ = {
			isa = XCConfigurationList;
			buildConfigurations = (
				5575C19115E9E857005CF482 /* Debug */,
				5575C19215E9E857005CF482 /* Release */,
			);
			defaultConfigurationIsVisible = 0;
			defaultConfigurationName = Release;
		};
		55DBC88C163096D7005837FD /* Build configuration list for PBXNativeTarget "STExt" */ = {
			isa = XCConfigurationList;
			buildConfigurations = (
				55DBC88D163096D7005837FD /* Debug */,
				55DBC88E163096D7005837FD /* Release */,
			);
			defaultConfigurationIsVisible = 0;
			defaultConfigurationName = Release;
		};
/* End XCConfigurationList section */
	};
	rootObject = 5575C16C15E9E857005CF482 /* Project object */;
}
